
Microsoft Visual Studio Solution File, Format Version 12.00
# Visual Studio Version 16
VisualStudioVersion = 16.0.30114.105
MinimumVisualStudioVersion = 10.0.40219.1
Project("{FAE04EC0-301F-11D3-BF4B-00C04F79EFBC}") = "API", "API\API.csproj", "{D1E30DB7-3494-4AA5-A3B0-8703F71A7A75}"
EndProject
Project("{FAE04EC0-301F-11D3-BF4B-00C04F79EFBC}") = "Application", "Application\Application.csproj", "{1C15D11F-9E53-4BAA-A2B2-B0A5B4BC4CBD}"
EndProject
Project("{FAE04EC0-301F-11D3-BF4B-00C04F79EFBC}") = "Persistance", "Persistance\Persistance.csproj", "{D2D61B8E-9E6C-43D6-A8A1-890B77A61499}"
EndProject
Project("{FAE04EC0-301F-11D3-BF4B-00C04F79EFBC}") = "Domain", "Domain\Domain.csproj", "{7B6A3F2E-3CC9-46E2-81B0-4B56D02123E6}"
EndProject
Global
	GlobalSection(SolutionConfigurationPlatforms) = preSolution
		Debug|Any CPU = Debug|Any CPU
		Debug|x64 = Debug|x64
		Debug|x86 = Debug|x86
		Release|Any CPU = Release|Any CPU
		Release|x64 = Release|x64
		Release|x86 = Release|x86
	EndGlobalSection
	GlobalSection(SolutionProperties) = preSolution
		HideSolutionNode = FALSE
	EndGlobalSection
	GlobalSection(ProjectConfigurationPlatforms) = postSolution
		{D1E30DB7-3494-4AA5-A3B0-8703F71A7A75}.Debug|Any CPU.ActiveCfg = Debug|Any CPU
		{D1E30DB7-3494-4AA5-A3B0-8703F71A7A75}.Debug|Any CPU.Build.0 = Debug|Any CPU
		{D1E30DB7-3494-4AA5-A3B0-8703F71A7A75}.Debug|x64.ActiveCfg = Debug|Any CPU
		{D1E30DB7-3494-4AA5-A3B0-8703F71A7A75}.Debug|x64.Build.0 = Debug|Any CPU
		{D1E30DB7-3494-4AA5-A3B0-8703F71A7A75}.Debug|x86.ActiveCfg = Debug|Any CPU
		{D1E30DB7-3494-4AA5-A3B0-8703F71A7A75}.Debug|x86.Build.0 = Debug|Any CPU
		{D1E30DB7-3494-4AA5-A3B0-8703F71A7A75}.Release|Any CPU.ActiveCfg = Release|Any CPU
		{D1E30DB7-3494-4AA5-A3B0-8703F71A7A75}.Release|Any CPU.Build.0 = Release|Any CPU
		{D1E30DB7-3494-4AA5-A3B0-8703F71A7A75}.Release|x64.ActiveCfg = Release|Any CPU
		{D1E30DB7-3494-4AA5-A3B0-8703F71A7A75}.Release|x64.Build.0 = Release|Any CPU
		{D1E30DB7-3494-4AA5-A3B0-8703F71A7A75}.Release|x86.ActiveCfg = Release|Any CPU
		{D1E30DB7-3494-4AA5-A3B0-8703F71A7A75}.Release|x86.Build.0 = Release|Any CPU
		{1C15D11F-9E53-4BAA-A2B2-B0A5B4BC4CBD}.Debug|Any CPU.ActiveCfg = Debug|Any CPU
		{1C15D11F-9E53-4BAA-A2B2-B0A5B4BC4CBD}.Debug|Any CPU.Build.0 = Debug|Any CPU
		{1C15D11F-9E53-4BAA-A2B2-B0A5B4BC4CBD}.Debug|x64.ActiveCfg = Debug|Any CPU
		{1C15D11F-9E53-4BAA-A2B2-B0A5B4BC4CBD}.Debug|x64.Build.0 = Debug|Any CPU
		{1C15D11F-9E53-4BAA-A2B2-B0A5B4BC4CBD}.Debug|x86.ActiveCfg = Debug|Any CPU
		{1C15D11F-9E53-4BAA-A2B2-B0A5B4BC4CBD}.Debug|x86.Build.0 = Debug|Any CPU
		{1C15D11F-9E53-4BAA-A2B2-B0A5B4BC4CBD}.Release|Any CPU.ActiveCfg = Release|Any CPU
		{1C15D11F-9E53-4BAA-A2B2-B0A5B4BC4CBD}.Release|Any CPU.Build.0 = Release|Any CPU
		{1C15D11F-9E53-4BAA-A2B2-B0A5B4BC4CBD}.Release|x64.ActiveCfg = Release|Any CPU
		{1C15D11F-9E53-4BAA-A2B2-B0A5B4BC4CBD}.Release|x64.Build.0 = Release|Any CPU
		{1C15D11F-9E53-4BAA-A2B2-B0A5B4BC4CBD}.Release|x86.ActiveCfg = Release|Any CPU
		{1C15D11F-9E53-4BAA-A2B2-B0A5B4BC4CBD}.Release|x86.Build.0 = Release|Any CPU
		{D2D61B8E-9E6C-43D6-A8A1-890B77A61499}.Debug|Any CPU.ActiveCfg = Debug|Any CPU
		{D2D61B8E-9E6C-43D6-A8A1-890B77A61499}.Debug|Any CPU.Build.0 = Debug|Any CPU
		{D2D61B8E-9E6C-43D6-A8A1-890B77A61499}.Debug|x64.ActiveCfg = Debug|Any CPU
		{D2D61B8E-9E6C-43D6-A8A1-890B77A61499}.Debug|x64.Build.0 = Debug|Any CPU
		{D2D61B8E-9E6C-43D6-A8A1-890B77A61499}.Debug|x86.ActiveCfg = Debug|Any CPU
		{D2D61B8E-9E6C-43D6-A8A1-890B77A61499}.Debug|x86.Build.0 = Debug|Any CPU
		{D2D61B8E-9E6C-43D6-A8A1-890B77A61499}.Release|Any CPU.ActiveCfg = Release|Any CPU
		{D2D61B8E-9E6C-43D6-A8A1-890B77A61499}.Release|Any CPU.Build.0 = Release|Any CPU
		{D2D61B8E-9E6C-43D6-A8A1-890B77A61499}.Release|x64.ActiveCfg = Release|Any CPU
		{D2D61B8E-9E6C-43D6-A8A1-890B77A61499}.Release|x64.Build.0 = Release|Any CPU
		{D2D61B8E-9E6C-43D6-A8A1-890B77A61499}.Release|x86.ActiveCfg = Release|Any CPU
		{D2D61B8E-9E6C-43D6-A8A1-890B77A61499}.Release|x86.Build.0 = Release|Any CPU
		{7B6A3F2E-3CC9-46E2-81B0-4B56D02123E6}.Debug|Any CPU.ActiveCfg = Debug|Any CPU
		{7B6A3F2E-3CC9-46E2-81B0-4B56D02123E6}.Debug|Any CPU.Build.0 = Debug|Any CPU
		{7B6A3F2E-3CC9-46E2-81B0-4B56D02123E6}.Debug|x64.ActiveCfg = Debug|Any CPU
		{7B6A3F2E-3CC9-46E2-81B0-4B56D02123E6}.Debug|x64.Build.0 = Debug|Any CPU
		{7B6A3F2E-3CC9-46E2-81B0-4B56D02123E6}.Debug|x86.ActiveCfg = Debug|Any CPU
		{7B6A3F2E-3CC9-46E2-81B0-4B56D02123E6}.Debug|x86.Build.0 = Debug|Any CPU
		{7B6A3F2E-3CC9-46E2-81B0-4B56D02123E6}.Release|Any CPU.ActiveCfg = Release|Any CPU
		{7B6A3F2E-3CC9-46E2-81B0-4B56D02123E6}.Release|Any CPU.Build.0 = Release|Any CPU
		{7B6A3F2E-3CC9-46E2-81B0-4B56D02123E6}.Release|x64.ActiveCfg = Release|Any CPU
		{7B6A3F2E-3CC9-46E2-81B0-4B56D02123E6}.Release|x64.Build.0 = Release|Any CPU
		{7B6A3F2E-3CC9-46E2-81B0-4B56D02123E6}.Release|x86.ActiveCfg = Release|Any CPU
		{7B6A3F2E-3CC9-46E2-81B0-4B56D02123E6}.Release|x86.Build.0 = Release|Any CPU
	EndGlobalSection
EndGlobal
